
Microsoft Visual Studio Solution File, Format Version 12.00
# Visual Studio Version 17
VisualStudioVersion = 17.8.34511.84
MinimumVisualStudioVersion = 10.0.40219.1
Project("{FAE04EC0-301F-11D3-BF4B-00C04F79EFBC}") = "DorinaDemo", "DorinaDemo\DorinaDemo.csproj", "{42107EAD-5DCB-4E81-AA7E-110052DA2EED}"
EndProject
Global
	GlobalSection(SolutionConfigurationPlatforms) = preSolution
		Debug|Any CPU = Debug|Any CPU
		Release|Any CPU = Release|Any CPU
	EndGlobalSection
	GlobalSection(ProjectConfigurationPlatforms) = postSolution
		{42107EAD-5DCB-4E81-AA7E-110052DA2EED}.Debug|Any CPU.ActiveCfg = Debug|Any CPU
		{42107EAD-5DCB-4E81-AA7E-110052DA2EED}.Debug|Any CPU.Build.0 = Debug|Any CPU
		{42107EAD-5DCB-4E81-AA7E-110052DA2EED}.Release|Any CPU.ActiveCfg = Release|Any CPU
		{42107EAD-5DCB-4E81-AA7E-110052DA2EED}.Release|Any CPU.Build.0 = Release|Any CPU
	EndGlobalSection
	GlobalSection(SolutionProperties) = preSolution
		HideSolutionNode = FALSE
	EndGlobalSection
	GlobalSection(ExtensibilityGlobals) = postSolution
		SolutionGuid = {EF712836-03AC-40BB-9406-93F6297E65A8}
	EndGlobalSection
EndGlobal
